
Microsoft Visual Studio Solution File, Format Version 12.00
# Visual Studio Version 17
VisualStudioVersion = 17.0.31903.59
MinimumVisualStudioVersion = 10.0.40219.1
Project("{2150E333-8FDC-42A3-9474-1A3956D46DE8}") = "src", "src", "{827E0CD3-B72D-47B6-A68D-7590B98EB39B}"
EndProject
Project("{FAE04EC0-301F-11D3-BF4B-00C04F79EFBC}") = "Api", "src\Api\Api.csproj", "{8A3D2C3C-74F9-45AA-B811-9AD875961BB8}"
EndProject
Project("{FAE04EC0-301F-11D3-BF4B-00C04F79EFBC}") = "Core", "src\Core\Core.csproj", "{18E03B50-A8A0-41C8-8A72-C4B9FE4EF036}"
EndProject
Project("{FAE04EC0-301F-11D3-BF4B-00C04F79EFBC}") = "Infrastructure", "src\Infrastructure\Infrastructure.csproj", "{A2977CF9-ADEB-442C-88BE-DDF531C59A2C}"
EndProject
Project("{2150E333-8FDC-42A3-9474-1A3956D46DE8}") = "tests", "tests", "{0AB3BF05-4346-4AA6-1389-037BE0695223}"
EndProject
Project("{FAE04EC0-301F-11D3-BF4B-00C04F79EFBC}") = "FitnessFunctions", "tests\FitnessFunctions\FitnessFunctions.csproj", "{0B2F0336-171E-4001-BECE-F66D02332CA8}"
EndProject
Project("{2150E333-8FDC-42A3-9474-1A3956D46DE8}") = "Integration", "Integration", "{28A6993C-471E-82FE-7D9E-AD3B1EC22BD9}"
EndProject
Project("{FAE04EC0-301F-11D3-BF4B-00C04F79EFBC}") = "IntegrationTests", "tests\Integration\IntegrationTests.csproj", "{9A457047-42E6-42D7-9043-526C91E6D415}"
EndProject
Project("{2150E333-8FDC-42A3-9474-1A3956D46DE8}") = "Unit", "Unit", "{9D556B49-86D1-93A7-9596-FFAAB74EC556}"
EndProject
Project("{FAE04EC0-301F-11D3-BF4B-00C04F79EFBC}") = "UnitTests", "tests\Unit\UnitTests.csproj", "{A73E4536-9302-453E-BD2F-7067B30EEE8A}"
EndProject
Project("{FAE04EC0-301F-11D3-BF4B-00C04F79EFBC}") = "PlantBasedPizza.Shared", "src\PlantBasedPizza.Shared\PlantBasedPizza.Shared.csproj", "{698CEE03-1794-4015-83F0-DAAFBE4954EB}"
EndProject
Global
	GlobalSection(SolutionConfigurationPlatforms) = preSolution
		Debug|Any CPU = Debug|Any CPU
		Debug|x64 = Debug|x64
		Debug|x86 = Debug|x86
		Release|Any CPU = Release|Any CPU
		Release|x64 = Release|x64
		Release|x86 = Release|x86
	EndGlobalSection
	GlobalSection(ProjectConfigurationPlatforms) = postSolution
		{8A3D2C3C-74F9-45AA-B811-9AD875961BB8}.Debug|Any CPU.ActiveCfg = Debug|Any CPU
		{8A3D2C3C-74F9-45AA-B811-9AD875961BB8}.Debug|Any CPU.Build.0 = Debug|Any CPU
		{8A3D2C3C-74F9-45AA-B811-9AD875961BB8}.Debug|x64.ActiveCfg = Debug|Any CPU
		{8A3D2C3C-74F9-45AA-B811-9AD875961BB8}.Debug|x64.Build.0 = Debug|Any CPU
		{8A3D2C3C-74F9-45AA-B811-9AD875961BB8}.Debug|x86.ActiveCfg = Debug|Any CPU
		{8A3D2C3C-74F9-45AA-B811-9AD875961BB8}.Debug|x86.Build.0 = Debug|Any CPU
		{8A3D2C3C-74F9-45AA-B811-9AD875961BB8}.Release|Any CPU.ActiveCfg = Release|Any CPU
		{8A3D2C3C-74F9-45AA-B811-9AD875961BB8}.Release|Any CPU.Build.0 = Release|Any CPU
		{8A3D2C3C-74F9-45AA-B811-9AD875961BB8}.Release|x64.ActiveCfg = Release|Any CPU
		{8A3D2C3C-74F9-45AA-B811-9AD875961BB8}.Release|x64.Build.0 = Release|Any CPU
		{8A3D2C3C-74F9-45AA-B811-9AD875961BB8}.Release|x86.ActiveCfg = Release|Any CPU
		{8A3D2C3C-74F9-45AA-B811-9AD875961BB8}.Release|x86.Build.0 = Release|Any CPU
		{18E03B50-A8A0-41C8-8A72-C4B9FE4EF036}.Debug|Any CPU.ActiveCfg = Debug|Any CPU
		{18E03B50-A8A0-41C8-8A72-C4B9FE4EF036}.Debug|Any CPU.Build.0 = Debug|Any CPU
		{18E03B50-A8A0-41C8-8A72-C4B9FE4EF036}.Debug|x64.ActiveCfg = Debug|Any CPU
		{18E03B50-A8A0-41C8-8A72-C4B9FE4EF036}.Debug|x64.Build.0 = Debug|Any CPU
		{18E03B50-A8A0-41C8-8A72-C4B9FE4EF036}.Debug|x86.ActiveCfg = Debug|Any CPU
		{18E03B50-A8A0-41C8-8A72-C4B9FE4EF036}.Debug|x86.Build.0 = Debug|Any CPU
		{18E03B50-A8A0-41C8-8A72-C4B9FE4EF036}.Release|Any CPU.ActiveCfg = Release|Any CPU
		{18E03B50-A8A0-41C8-8A72-C4B9FE4EF036}.Release|Any CPU.Build.0 = Release|Any CPU
		{18E03B50-A8A0-41C8-8A72-C4B9FE4EF036}.Release|x64.ActiveCfg = Release|Any CPU
		{18E03B50-A8A0-41C8-8A72-C4B9FE4EF036}.Release|x64.Build.0 = Release|Any CPU
		{18E03B50-A8A0-41C8-8A72-C4B9FE4EF036}.Release|x86.ActiveCfg = Release|Any CPU
		{18E03B50-A8A0-41C8-8A72-C4B9FE4EF036}.Release|x86.Build.0 = Release|Any CPU
		{A2977CF9-ADEB-442C-88BE-DDF531C59A2C}.Debug|Any CPU.ActiveCfg = Debug|Any CPU
		{A2977CF9-ADEB-442C-88BE-DDF531C59A2C}.Debug|Any CPU.Build.0 = Debug|Any CPU
		{A2977CF9-ADEB-442C-88BE-DDF531C59A2C}.Debug|x64.ActiveCfg = Debug|Any CPU
		{A2977CF9-ADEB-442C-88BE-DDF531C59A2C}.Debug|x64.Build.0 = Debug|Any CPU
		{A2977CF9-ADEB-442C-88BE-DDF531C59A2C}.Debug|x86.ActiveCfg = Debug|Any CPU
		{A2977CF9-ADEB-442C-88BE-DDF531C59A2C}.Debug|x86.Build.0 = Debug|Any CPU
		{A2977CF9-ADEB-442C-88BE-DDF531C59A2C}.Release|Any CPU.ActiveCfg = Release|Any CPU
		{A2977CF9-ADEB-442C-88BE-DDF531C59A2C}.Release|Any CPU.Build.0 = Release|Any CPU
		{A2977CF9-ADEB-442C-88BE-DDF531C59A2C}.Release|x64.ActiveCfg = Release|Any CPU
		{A2977CF9-ADEB-442C-88BE-DDF531C59A2C}.Release|x64.Build.0 = Release|Any CPU
		{A2977CF9-ADEB-442C-88BE-DDF531C59A2C}.Release|x86.ActiveCfg = Release|Any CPU
		{A2977CF9-ADEB-442C-88BE-DDF531C59A2C}.Release|x86.Build.0 = Release|Any CPU
		{0B2F0336-171E-4001-BECE-F66D02332CA8}.Debug|Any CPU.ActiveCfg = Debug|Any CPU
		{0B2F0336-171E-4001-BECE-F66D02332CA8}.Debug|Any CPU.Build.0 = Debug|Any CPU
		{0B2F0336-171E-4001-BECE-F66D02332CA8}.Debug|x64.ActiveCfg = Debug|Any CPU
		{0B2F0336-171E-4001-BECE-F66D02332CA8}.Debug|x64.Build.0 = Debug|Any CPU
		{0B2F0336-171E-4001-BECE-F66D02332CA8}.Debug|x86.ActiveCfg = Debug|Any CPU
		{0B2F0336-171E-4001-BECE-F66D02332CA8}.Debug|x86.Build.0 = Debug|Any CPU
		{0B2F0336-171E-4001-BECE-F66D02332CA8}.Release|Any CPU.ActiveCfg = Release|Any CPU
		{0B2F0336-171E-4001-BECE-F66D02332CA8}.Release|Any CPU.Build.0 = Release|Any CPU
		{0B2F0336-171E-4001-BECE-F66D02332CA8}.Release|x64.ActiveCfg = Release|Any CPU
		{0B2F0336-171E-4001-BECE-F66D02332CA8}.Release|x64.Build.0 = Release|Any CPU
		{0B2F0336-171E-4001-BECE-F66D02332CA8}.Release|x86.ActiveCfg = Release|Any CPU
		{0B2F0336-171E-4001-BECE-F66D02332CA8}.Release|x86.Build.0 = Release|Any CPU
		{9A457047-42E6-42D7-9043-526C91E6D415}.Debug|Any CPU.ActiveCfg = Debug|Any CPU
		{9A457047-42E6-42D7-9043-526C91E6D415}.Debug|Any CPU.Build.0 = Debug|Any CPU
		{9A457047-42E6-42D7-9043-526C91E6D415}.Debug|x64.ActiveCfg = Debug|Any CPU
		{9A457047-42E6-42D7-9043-526C91E6D415}.Debug|x64.Build.0 = Debug|Any CPU
		{9A457047-42E6-42D7-9043-526C91E6D415}.Debug|x86.ActiveCfg = Debug|Any CPU
		{9A457047-42E6-42D7-9043-526C91E6D415}.Debug|x86.Build.0 = Debug|Any CPU
		{9A457047-42E6-42D7-9043-526C91E6D415}.Release|Any CPU.ActiveCfg = Release|Any CPU
		{9A457047-42E6-42D7-9043-526C91E6D415}.Release|Any CPU.Build.0 = Release|Any CPU
		{9A457047-42E6-42D7-9043-526C91E6D415}.Release|x64.ActiveCfg = Release|Any CPU
		{9A457047-42E6-42D7-9043-526C91E6D415}.Release|x64.Build.0 = Release|Any CPU
		{9A457047-42E6-42D7-9043-526C91E6D415}.Release|x86.ActiveCfg = Release|Any CPU
		{9A457047-42E6-42D7-9043-526C91E6D415}.Release|x86.Build.0 = Release|Any CPU
		{A73E4536-9302-453E-BD2F-7067B30EEE8A}.Debug|Any CPU.ActiveCfg = Debug|Any CPU
		{A73E4536-9302-453E-BD2F-7067B30EEE8A}.Debug|Any CPU.Build.0 = Debug|Any CPU
		{A73E4536-9302-453E-BD2F-7067B30EEE8A}.Debug|x64.ActiveCfg = Debug|Any CPU
		{A73E4536-9302-453E-BD2F-7067B30EEE8A}.Debug|x64.Build.0 = Debug|Any CPU
		{A73E4536-9302-453E-BD2F-7067B30EEE8A}.Debug|x86.ActiveCfg = Debug|Any CPU
		{A73E4536-9302-453E-BD2F-7067B30EEE8A}.Debug|x86.Build.0 = Debug|Any CPU
		{A73E4536-9302-453E-BD2F-7067B30EEE8A}.Release|Any CPU.ActiveCfg = Release|Any CPU
		{A73E4536-9302-453E-BD2F-7067B30EEE8A}.Release|Any CPU.Build.0 = Release|Any CPU
		{A73E4536-9302-453E-BD2F-7067B30EEE8A}.Release|x64.ActiveCfg = Release|Any CPU
		{A73E4536-9302-453E-BD2F-7067B30EEE8A}.Release|x64.Build.0 = Release|Any CPU
		{A73E4536-9302-453E-BD2F-7067B30EEE8A}.Release|x86.ActiveCfg = Release|Any CPU
		{A73E4536-9302-453E-BD2F-7067B30EEE8A}.Release|x86.Build.0 = Release|Any CPU
		{698CEE03-1794-4015-83F0-DAAFBE4954EB}.Debug|Any CPU.ActiveCfg = Debug|Any CPU
		{698CEE03-1794-4015-83F0-DAAFBE4954EB}.Debug|Any CPU.Build.0 = Debug|Any CPU
		{698CEE03-1794-4015-83F0-DAAFBE4954EB}.Debug|x64.ActiveCfg = Debug|Any CPU
		{698CEE03-1794-4015-83F0-DAAFBE4954EB}.Debug|x64.Build.0 = Debug|Any CPU
		{698CEE03-1794-4015-83F0-DAAFBE4954EB}.Debug|x86.ActiveCfg = Debug|Any CPU
		{698CEE03-1794-4015-83F0-DAAFBE4954EB}.Debug|x86.Build.0 = Debug|Any CPU
		{698CEE03-1794-4015-83F0-DAAFBE4954EB}.Release|Any CPU.ActiveCfg = Release|Any CPU
		{698CEE03-1794-4015-83F0-DAAFBE4954EB}.Release|Any CPU.Build.0 = Release|Any CPU
		{698CEE03-1794-4015-83F0-DAAFBE4954EB}.Release|x64.ActiveCfg = Release|Any CPU
		{698CEE03-1794-4015-83F0-DAAFBE4954EB}.Release|x64.Build.0 = Release|Any CPU
		{698CEE03-1794-4015-83F0-DAAFBE4954EB}.Release|x86.ActiveCfg = Release|Any CPU
		{698CEE03-1794-4015-83F0-DAAFBE4954EB}.Release|x86.Build.0 = Release|Any CPU
	EndGlobalSection
	GlobalSection(SolutionProperties) = preSolution
		HideSolutionNode = FALSE
	EndGlobalSection
	GlobalSection(NestedProjects) = preSolution
		{8A3D2C3C-74F9-45AA-B811-9AD875961BB8} = {827E0CD3-B72D-47B6-A68D-7590B98EB39B}
		{18E03B50-A8A0-41C8-8A72-C4B9FE4EF036} = {827E0CD3-B72D-47B6-A68D-7590B98EB39B}
		{A2977CF9-ADEB-442C-88BE-DDF531C59A2C} = {827E0CD3-B72D-47B6-A68D-7590B98EB39B}
		{0B2F0336-171E-4001-BECE-F66D02332CA8} = {0AB3BF05-4346-4AA6-1389-037BE0695223}
		{28A6993C-471E-82FE-7D9E-AD3B1EC22BD9} = {0AB3BF05-4346-4AA6-1389-037BE0695223}
		{9A457047-42E6-42D7-9043-526C91E6D415} = {28A6993C-471E-82FE-7D9E-AD3B1EC22BD9}
		{9D556B49-86D1-93A7-9596-FFAAB74EC556} = {0AB3BF05-4346-4AA6-1389-037BE0695223}
		{A73E4536-9302-453E-BD2F-7067B30EEE8A} = {9D556B49-86D1-93A7-9596-FFAAB74EC556}
		{698CEE03-1794-4015-83F0-DAAFBE4954EB} = {827E0CD3-B72D-47B6-A68D-7590B98EB39B}
	EndGlobalSection
EndGlobal
